
Microsoft Visual Studio Solution File, Format Version 12.00
# Visual Studio Version 17
VisualStudioVersion = 17.10.35004.147
MinimumVisualStudioVersion = 10.0.40219.1
Project("{FAE04EC0-301F-11D3-BF4B-00C04F79EFBC}") = "WarehouseTest.Server", "WarehouseTest.Server\WarehouseTest.Server.csproj", "{5897A4DD-584C-42B3-9CD7-02707EB52F8B}"
EndProject
Project("{54A90642-561A-4BB1-A94E-469ADEE60C69}") = "warehousetest.client", "warehousetest.client\warehousetest.client.esproj", "{28B22A97-C674-48FB-A073-0E94776BE3B6}"
EndProject
Project("{FAE04EC0-301F-11D3-BF4B-00C04F79EFBC}") = "Domain", "Domain\Domain.csproj", "{041979C7-D840-4A98-AEA7-F7F46C852EE9}"
EndProject
Project("{FAE04EC0-301F-11D3-BF4B-00C04F79EFBC}") = "Infrastructure", "Infrastructure\Infrastructure.csproj", "{AB2DC494-9615-4BBF-8106-D120B55421FC}"
EndProject
Project("{2150E333-8FDC-42A3-9474-1A3956D46DE8}") = "Tests", "Tests", "{B8B270AE-627D-46B6-9660-1B8EA40E26F9}"
EndProject
Global
	GlobalSection(SolutionConfigurationPlatforms) = preSolution
		Debug|Any CPU = Debug|Any CPU
		Release|Any CPU = Release|Any CPU
	EndGlobalSection
	GlobalSection(ProjectConfigurationPlatforms) = postSolution
		{5897A4DD-584C-42B3-9CD7-02707EB52F8B}.Debug|Any CPU.ActiveCfg = Debug|Any CPU
		{5897A4DD-584C-42B3-9CD7-02707EB52F8B}.Debug|Any CPU.Build.0 = Debug|Any CPU
		{5897A4DD-584C-42B3-9CD7-02707EB52F8B}.Release|Any CPU.ActiveCfg = Release|Any CPU
		{5897A4DD-584C-42B3-9CD7-02707EB52F8B}.Release|Any CPU.Build.0 = Release|Any CPU
		{28B22A97-C674-48FB-A073-0E94776BE3B6}.Debug|Any CPU.ActiveCfg = Debug|Any CPU
		{28B22A97-C674-48FB-A073-0E94776BE3B6}.Debug|Any CPU.Build.0 = Debug|Any CPU
		{28B22A97-C674-48FB-A073-0E94776BE3B6}.Debug|Any CPU.Deploy.0 = Debug|Any CPU
		{28B22A97-C674-48FB-A073-0E94776BE3B6}.Release|Any CPU.ActiveCfg = Release|Any CPU
		{28B22A97-C674-48FB-A073-0E94776BE3B6}.Release|Any CPU.Build.0 = Release|Any CPU
		{28B22A97-C674-48FB-A073-0E94776BE3B6}.Release|Any CPU.Deploy.0 = Release|Any CPU
		{041979C7-D840-4A98-AEA7-F7F46C852EE9}.Debug|Any CPU.ActiveCfg = Debug|Any CPU
		{041979C7-D840-4A98-AEA7-F7F46C852EE9}.Debug|Any CPU.Build.0 = Debug|Any CPU
		{041979C7-D840-4A98-AEA7-F7F46C852EE9}.Release|Any CPU.ActiveCfg = Release|Any CPU
		{041979C7-D840-4A98-AEA7-F7F46C852EE9}.Release|Any CPU.Build.0 = Release|Any CPU
		{AB2DC494-9615-4BBF-8106-D120B55421FC}.Debug|Any CPU.ActiveCfg = Debug|Any CPU
		{AB2DC494-9615-4BBF-8106-D120B55421FC}.Debug|Any CPU.Build.0 = Debug|Any CPU
		{AB2DC494-9615-4BBF-8106-D120B55421FC}.Release|Any CPU.ActiveCfg = Release|Any CPU
		{AB2DC494-9615-4BBF-8106-D120B55421FC}.Release|Any CPU.Build.0 = Release|Any CPU
	EndGlobalSection
	GlobalSection(SolutionProperties) = preSolution
		HideSolutionNode = FALSE
	EndGlobalSection
	GlobalSection(ExtensibilityGlobals) = postSolution
		SolutionGuid = {CDB19BAB-FAE0-41F4-8C87-74C177E2C1AA}
	EndGlobalSection
EndGlobal
